// !$*UTF8*$!
{
	archiveVersion = 1;
	classes = {
	};
	objectVersion = 63;
	objects = {

/* Begin PBXAggregateTarget section */
		D60EB41E0D28CBBFBD9F12EE /* ZedraRustFFI */ = {
			isa = PBXAggregateTarget;
			buildConfigurationList = 6D3860FD8908149AD3351AE0 /* Build configuration list for PBXAggregateTarget "ZedraRustFFI" */;
			buildPhases = (
				54731EE24A550067F892FA76 /* Build Rust FFI */,
			);
			dependencies = (
			);
			name = ZedraRustFFI;
			productName = ZedraRustFFI;
		};
/* End PBXAggregateTarget section */

/* Begin PBXBuildFile section */
		06B0528DA79A66232AF4B929 /* Deeplink.swift in Sources */ = {isa = PBXBuildFile; fileRef = F28C0D512B8A4480EEA06229 /* Deeplink.swift */; };
		08E687A57D7780110A2E4188 /* Pods_Zedra.framework in Frameworks */ = {isa = PBXBuildFile; fileRef = E4436B88C2D59192089685D6 /* Pods_Zedra.framework */; };
		11668204685DBFE8BB77C80B /* SwiftUI.framework in Frameworks */ = {isa = PBXBuildFile; fileRef = 039E80981F6E73204F578509 /* SwiftUI.framework */; };
		29812E9727315BE0E4E6D8C3 /* KeyboardSupporter.swift in Sources */ = {isa = PBXBuildFile; fileRef = 69F922850E131108EA0DCDA2 /* KeyboardSupporter.swift */; };
		2B5A25991606E9A04567BB82 /* GPUIRuntimeController.swift in Sources */ = {isa = PBXBuildFile; fileRef = C1CC23275A2211DE5D4991B1 /* GPUIRuntimeController.swift */; };
		53761D1BADAAD2936D25D5FB /* ZedraTaskWidgetBundle.swift in Sources */ = {isa = PBXBuildFile; fileRef = D08D5130C6BACFAF843287EB /* ZedraTaskWidgetBundle.swift */; };
		55837536987D777B27BB44F7 /* Assets.xcassets in Resources */ = {isa = PBXBuildFile; fileRef = 90F44C66EC495EE5A6DC0994 /* Assets.xcassets */; };
		59174DFFDBE71FAD97A1CCB3 /* AVFoundation.framework in Frameworks */ = {isa = PBXBuildFile; fileRef = 00F1E4C60CC0F76F94D6404A /* AVFoundation.framework */; };
		5F4B398F082F44CC7068D40A /* ZedraAppDelegate.swift in Sources */ = {isa = PBXBuildFile; fileRef = 8853DDC4052807AEC78FEEF3 /* ZedraAppDelegate.swift */; };
		6882E9EA8A4517BE22715D51 /* CoreGraphics.framework in Frameworks */ = {isa = PBXBuildFile; fileRef = 512091F828A8B43816DA9723 /* CoreGraphics.framework */; };
		7342A3ACEDA8C57FF9D78060 /* MetalKit.framework in Frameworks */ = {isa = PBXBuildFile; fileRef = E2710A21022C473FA88BF88A /* MetalKit.framework */; };
		77DF0B2DF918B5DDF941E3E0 /* DeltaBridge.swift in Sources */ = {isa = PBXBuildFile; fileRef = 727BC6F2E063B67B2EE2F133 /* DeltaBridge.swift */; };
		852516EA2D63566F57B5F106 /* Metal.framework in Frameworks */ = {isa = PBXBuildFile; fileRef = A6B03B40299B5BEA1C29D4F5 /* Metal.framework */; };
		8D2C90EFA428CCCDE0B092E7 /* Assets.xcassets in Resources */ = {isa = PBXBuildFile; fileRef = CBA9E86324F7D522B45D5BF8 /* Assets.xcassets */; };
		980622780D44495907582D63 /* Network.framework in Frameworks */ = {isa = PBXBuildFile; fileRef = 47A99A911DFEB67B22FF841B /* Network.framework */; };
		A57603C7821A1DC91314C998 /* notification.mp3 in Resources */ = {isa = PBXBuildFile; fileRef = 73FE1C11057A15B082B91094 /* notification.mp3 */; };
		A69ED82EFBA5E7757C5DBF77 /* CoreFoundation.framework in Frameworks */ = {isa = PBXBuildFile; fileRef = 63C6681ECC3A80F94D9F1A0A /* CoreFoundation.framework */; };
		A7EEE2EFA03F51452EA9FEFE /* ZedraFFI.xcframework in Frameworks */ = {isa = PBXBuildFile; fileRef = B9A9EA625E2ED4114945F081 /* ZedraFFI.xcframework */; };
		A93C45BD95DD8BFFCA6D484F /* ImagePicker.swift in Sources */ = {isa = PBXBuildFile; fileRef = 27C8DE46426696995977B8AC /* ImagePicker.swift */; };
		B22BD4D25B9414ECD498820B /* ZedraTaskActivity.swift in Sources */ = {isa = PBXBuildFile; fileRef = C49D42574FFC5F1D81BCB72D /* ZedraTaskActivity.swift */; };
		B2F78DE2E20EB0982DD3DDEF /* ZedraTaskLiveActivity.swift in Sources */ = {isa = PBXBuildFile; fileRef = 5451E2C486BD774CF2935DB9 /* ZedraTaskLiveActivity.swift */; };
		B985E1D0D0919DAAB93812CE /* WidgetKit.framework in Frameworks */ = {isa = PBXBuildFile; fileRef = 3E9F18339F5AECC291EFB877 /* WidgetKit.framework */; };
		BE058F99FCA4058A88807631 /* CoreText.framework in Frameworks */ = {isa = PBXBuildFile; fileRef = 33FBCE1A928EAF32E817D1DE /* CoreText.framework */; };
		C4615C398F2572ED57528BB1 /* UIKit.framework in Frameworks */ = {isa = PBXBuildFile; fileRef = E0368E716FAFC7DC17C3B7B1 /* UIKit.framework */; };
		C58A56CF54C803B951A4919C /* ZedraTaskWidget.appex in Embed Foundation Extensions */ = {isa = PBXBuildFile; fileRef = F331068037097AEDDA54DF15 /* ZedraTaskWidget.appex */; settings = {ATTRIBUTES = (RemoveHeadersOnCopy, ); }; };
		C6719995D3E0E4499805BFA7 /* main.m in Sources */ = {isa = PBXBuildFile; fileRef = 94CC8ED9DAA6944067FF57DB /* main.m */; };
		C8F576CC1856D853138C29FD /* Security.framework in Frameworks */ = {isa = PBXBuildFile; fileRef = EA19906F43E7BEC9CAB21161 /* Security.framework */; };
		CCAE1095C59DA7ADCBA88098 /* QuartzCore.framework in Frameworks */ = {isa = PBXBuildFile; fileRef = 520C816D34F6ED9A97DA79BB /* QuartzCore.framework */; };
		DE61BBA6802FC9CA90AEED44 /* NativeBridge.swift in Sources */ = {isa = PBXBuildFile; fileRef = 410390D2A6FA601A8CF3BEF6 /* NativeBridge.swift */; };
		EB5F8FD753CF6EE923250A35 /* Presentations.swift in Sources */ = {isa = PBXBuildFile; fileRef = 20266BDD5D19B38FDD836CDF /* Presentations.swift */; };
		EC30FF24B333FE003BF3DF11 /* LiveActivityController.swift in Sources */ = {isa = PBXBuildFile; fileRef = 3E11226FD3ABACC60F196777 /* LiveActivityController.swift */; };
		EE620B5C08E5ED431EFF64EA /* QRScanner.swift in Sources */ = {isa = PBXBuildFile; fileRef = 33564399AE529EE2F9F8533A /* QRScanner.swift */; };
		EEE2D2E198F3898DCA37C0C1 /* ZedraTaskActivity.swift in Sources */ = {isa = PBXBuildFile; fileRef = C49D42574FFC5F1D81BCB72D /* ZedraTaskActivity.swift */; };
		FC6FCD51B93FFAAED6A6E2A5 /* ProgressHUD.swift in Sources */ = {isa = PBXBuildFile; fileRef = EE8767E0086F59AE8FF638F2 /* ProgressHUD.swift */; };
/* End PBXBuildFile section */

/* Begin PBXContainerItemProxy section */
		B54F7230D91DD56CF95FB2B6 /* PBXContainerItemProxy */ = {
			isa = PBXContainerItemProxy;
			containerPortal = 0D87B1C1BBAC156C59022E7E /* Project object */;
			proxyType = 1;
			remoteGlobalIDString = 579A69F54A3B675388A33DF2;
			remoteInfo = ZedraTaskWidget;
		};
		D197FF633B97809DD0BC34BB /* PBXContainerItemProxy */ = {
			isa = PBXContainerItemProxy;
			containerPortal = 0D87B1C1BBAC156C59022E7E /* Project object */;
			proxyType = 1;
			remoteGlobalIDString = D60EB41E0D28CBBFBD9F12EE;
			remoteInfo = ZedraRustFFI;
		};
/* End PBXContainerItemProxy section */

/* Begin PBXCopyFilesBuildPhase section */
		070FA6D30D3F197BB857D00E /* Embed Foundation Extensions */ = {
			isa = PBXCopyFilesBuildPhase;
			buildActionMask = 2147483647;
			dstPath = "";
			dstSubfolderSpec = 13;
			files = (
				C58A56CF54C803B951A4919C /* ZedraTaskWidget.appex in Embed Foundation Extensions */,
			);
			name = "Embed Foundation Extensions";
			runOnlyForDeploymentPostprocessing = 0;
		};
/* End PBXCopyFilesBuildPhase section */

/* Begin PBXFileReference section */
		00F1E4C60CC0F76F94D6404A /* AVFoundation.framework */ = {isa = PBXFileReference; lastKnownFileType = wrapper.framework; name = AVFoundation.framework; path = System/Library/Frameworks/AVFoundation.framework; sourceTree = SDKROOT; };
		039E80981F6E73204F578509 /* SwiftUI.framework */ = {isa = PBXFileReference; lastKnownFileType = wrapper.framework; name = SwiftUI.framework; path = System/Library/Frameworks/SwiftUI.framework; sourceTree = SDKROOT; };
		20266BDD5D19B38FDD836CDF /* Presentations.swift */ = {isa = PBXFileReference; lastKnownFileType = sourcecode.swift; path = Presentations.swift; sourceTree = "<group>"; };
		27C8DE46426696995977B8AC /* ImagePicker.swift */ = {isa = PBXFileReference; lastKnownFileType = sourcecode.swift; path = ImagePicker.swift; sourceTree = "<group>"; };
		33564399AE529EE2F9F8533A /* QRScanner.swift */ = {isa = PBXFileReference; lastKnownFileType = sourcecode.swift; path = QRScanner.swift; sourceTree = "<group>"; };
		33FBCE1A928EAF32E817D1DE /* CoreText.framework */ = {isa = PBXFileReference; lastKnownFileType = wrapper.framework; name = CoreText.framework; path = System/Library/Frameworks/CoreText.framework; sourceTree = SDKROOT; };
		3E11226FD3ABACC60F196777 /* LiveActivityController.swift */ = {isa = PBXFileReference; lastKnownFileType = sourcecode.swift; path = LiveActivityController.swift; sourceTree = "<group>"; };
		3E9F18339F5AECC291EFB877 /* WidgetKit.framework */ = {isa = PBXFileReference; lastKnownFileType = wrapper.framework; name = WidgetKit.framework; path = System/Library/Frameworks/WidgetKit.framework; sourceTree = SDKROOT; };
		410390D2A6FA601A8CF3BEF6 /* NativeBridge.swift */ = {isa = PBXFileReference; lastKnownFileType = sourcecode.swift; path = NativeBridge.swift; sourceTree = "<group>"; };
		4738330EA54AA88057CFF9D6 /* Info.plist */ = {isa = PBXFileReference; lastKnownFileType = text.plist; path = Info.plist; sourceTree = "<group>"; };
		47A99A911DFEB67B22FF841B /* Network.framework */ = {isa = PBXFileReference; lastKnownFileType = wrapper.framework; name = Network.framework; path = System/Library/Frameworks/Network.framework; sourceTree = SDKROOT; };
		512091F828A8B43816DA9723 /* CoreGraphics.framework */ = {isa = PBXFileReference; lastKnownFileType = wrapper.framework; name = CoreGraphics.framework; path = System/Library/Frameworks/CoreGraphics.framework; sourceTree = SDKROOT; };
		520C816D34F6ED9A97DA79BB /* QuartzCore.framework */ = {isa = PBXFileReference; lastKnownFileType = wrapper.framework; name = QuartzCore.framework; path = System/Library/Frameworks/QuartzCore.framework; sourceTree = SDKROOT; };
		5451E2C486BD774CF2935DB9 /* ZedraTaskLiveActivity.swift */ = {isa = PBXFileReference; lastKnownFileType = sourcecode.swift; path = ZedraTaskLiveActivity.swift; sourceTree = "<group>"; };
		63C6681ECC3A80F94D9F1A0A /* CoreFoundation.framework */ = {isa = PBXFileReference; lastKnownFileType = wrapper.framework; name = CoreFoundation.framework; path = System/Library/Frameworks/CoreFoundation.framework; sourceTree = SDKROOT; };
		69F922850E131108EA0DCDA2 /* KeyboardSupporter.swift */ = {isa = PBXFileReference; lastKnownFileType = sourcecode.swift; path = KeyboardSupporter.swift; sourceTree = "<group>"; };
		727BC6F2E063B67B2EE2F133 /* DeltaBridge.swift */ = {isa = PBXFileReference; lastKnownFileType = sourcecode.swift; path = DeltaBridge.swift; sourceTree = "<group>"; };
		73FE1C11057A15B082B91094 /* notification.mp3 */ = {isa = PBXFileReference; lastKnownFileType = audio.mp3; path = notification.mp3; sourceTree = "<group>"; };
		8853DDC4052807AEC78FEEF3 /* ZedraAppDelegate.swift */ = {isa = PBXFileReference; lastKnownFileType = sourcecode.swift; path = ZedraAppDelegate.swift; sourceTree = "<group>"; };
		90F44C66EC495EE5A6DC0994 /* Assets.xcassets */ = {isa = PBXFileReference; lastKnownFileType = folder.assetcatalog; path = Assets.xcassets; sourceTree = "<group>"; };
		9137E1919544EF49D8663D28 /* Pods-Zedra.debug.xcconfig */ = {isa = PBXFileReference; includeInIndex = 1; lastKnownFileType = text.xcconfig; name = "Pods-Zedra.debug.xcconfig"; path = "Target Support Files/Pods-Zedra/Pods-Zedra.debug.xcconfig"; sourceTree = "<group>"; };
		94CC8ED9DAA6944067FF57DB /* main.m */ = {isa = PBXFileReference; lastKnownFileType = sourcecode.c.objc; path = main.m; sourceTree = "<group>"; };
		A6B03B40299B5BEA1C29D4F5 /* Metal.framework */ = {isa = PBXFileReference; lastKnownFileType = wrapper.framework; name = Metal.framework; path = System/Library/Frameworks/Metal.framework; sourceTree = SDKROOT; };
		A8A6D4E5D07DDB7A26B070E1 /* Pods-Zedra.release.xcconfig */ = {isa = PBXFileReference; includeInIndex = 1; lastKnownFileType = text.xcconfig; name = "Pods-Zedra.release.xcconfig"; path = "Target Support Files/Pods-Zedra/Pods-Zedra.release.xcconfig"; sourceTree = "<group>"; };
		B9A9EA625E2ED4114945F081 /* ZedraFFI.xcframework */ = {isa = PBXFileReference; lastKnownFileType = wrapper.xcframework; path = ZedraFFI.xcframework; sourceTree = "<group>"; };
		C1CC23275A2211DE5D4991B1 /* GPUIRuntimeController.swift */ = {isa = PBXFileReference; lastKnownFileType = sourcecode.swift; path = GPUIRuntimeController.swift; sourceTree = "<group>"; };
		C49D42574FFC5F1D81BCB72D /* ZedraTaskActivity.swift */ = {isa = PBXFileReference; lastKnownFileType = sourcecode.swift; path = ZedraTaskActivity.swift; sourceTree = "<group>"; };
		CBA9E86324F7D522B45D5BF8 /* Assets.xcassets */ = {isa = PBXFileReference; lastKnownFileType = folder.assetcatalog; path = Assets.xcassets; sourceTree = "<group>"; };
		D08D5130C6BACFAF843287EB /* ZedraTaskWidgetBundle.swift */ = {isa = PBXFileReference; lastKnownFileType = sourcecode.swift; path = ZedraTaskWidgetBundle.swift; sourceTree = "<group>"; };
		E0368E716FAFC7DC17C3B7B1 /* UIKit.framework */ = {isa = PBXFileReference; lastKnownFileType = wrapper.framework; name = UIKit.framework; path = System/Library/Frameworks/UIKit.framework; sourceTree = SDKROOT; };
		E2710A21022C473FA88BF88A /* MetalKit.framework */ = {isa = PBXFileReference; lastKnownFileType = wrapper.framework; name = MetalKit.framework; path = System/Library/Frameworks/MetalKit.framework; sourceTree = SDKROOT; };
		E4436B88C2D59192089685D6 /* Pods_Zedra.framework */ = {isa = PBXFileReference; explicitFileType = wrapper.framework; includeInIndex = 0; path = Pods_Zedra.framework; sourceTree = BUILT_PRODUCTS_DIR; };
		EA19906F43E7BEC9CAB21161 /* Security.framework */ = {isa = PBXFileReference; lastKnownFileType = wrapper.framework; name = Security.framework; path = System/Library/Frameworks/Security.framework; sourceTree = SDKROOT; };
		EE8767E0086F59AE8FF638F2 /* ProgressHUD.swift */ = {isa = PBXFileReference; lastKnownFileType = sourcecode.swift; path = ProgressHUD.swift; sourceTree = "<group>"; };
		F230208A834CC26BC2416452 /* Zedra.app */ = {isa = PBXFileReference; includeInIndex = 0; lastKnownFileType = wrapper.application; path = Zedra.app; sourceTree = BUILT_PRODUCTS_DIR; };
		F28C0D512B8A4480EEA06229 /* Deeplink.swift */ = {isa = PBXFileReference; lastKnownFileType = sourcecode.swift; path = Deeplink.swift; sourceTree = "<group>"; };
		F331068037097AEDDA54DF15 /* ZedraTaskWidget.appex */ = {isa = PBXFileReference; includeInIndex = 0; lastKnownFileType = "wrapper.app-extension"; path = ZedraTaskWidget.appex; sourceTree = BUILT_PRODUCTS_DIR; };
		F48626960A7B8482AA6C9676 /* Info.plist */ = {isa = PBXFileReference; lastKnownFileType = text.plist; path = Info.plist; sourceTree = "<group>"; };
		FFE53F3BD5E50E1D1587D19D /* Zedra.entitlements */ = {isa = PBXFileReference; lastKnownFileType = text.plist.entitlements; path = Zedra.entitlements; sourceTree = "<group>"; };
/* End PBXFileReference section */

/* Begin PBXFrameworksBuildPhase section */
		6E0620C3BCC9BCD81A1FBDFF /* Frameworks */ = {
			isa = PBXFrameworksBuildPhase;
			buildActionMask = 2147483647;
			files = (
				B985E1D0D0919DAAB93812CE /* WidgetKit.framework in Frameworks */,
				11668204685DBFE8BB77C80B /* SwiftUI.framework in Frameworks */,
			);
			runOnlyForDeploymentPostprocessing = 0;
		};
		B904AB45BFDAA98506246086 /* Frameworks */ = {
			isa = PBXFrameworksBuildPhase;
			buildActionMask = 2147483647;
			files = (
				A7EEE2EFA03F51452EA9FEFE /* ZedraFFI.xcframework in Frameworks */,
				852516EA2D63566F57B5F106 /* Metal.framework in Frameworks */,
				7342A3ACEDA8C57FF9D78060 /* MetalKit.framework in Frameworks */,
				CCAE1095C59DA7ADCBA88098 /* QuartzCore.framework in Frameworks */,
				A69ED82EFBA5E7757C5DBF77 /* CoreFoundation.framework in Frameworks */,
				6882E9EA8A4517BE22715D51 /* CoreGraphics.framework in Frameworks */,
				BE058F99FCA4058A88807631 /* CoreText.framework in Frameworks */,
				C4615C398F2572ED57528BB1 /* UIKit.framework in Frameworks */,
				C8F576CC1856D853138C29FD /* Security.framework in Frameworks */,
				980622780D44495907582D63 /* Network.framework in Frameworks */,
				59174DFFDBE71FAD97A1CCB3 /* AVFoundation.framework in Frameworks */,
				08E687A57D7780110A2E4188 /* Pods_Zedra.framework in Frameworks */,
			);
			runOnlyForDeploymentPostprocessing = 0;
		};
/* End PBXFrameworksBuildPhase section */

/* Begin PBXGroup section */
		0815A8B79A1F90B9F024169E /* Pods */ = {
			isa = PBXGroup;
			children = (
				9137E1919544EF49D8663D28 /* Pods-Zedra.debug.xcconfig */,
				A8A6D4E5D07DDB7A26B070E1 /* Pods-Zedra.release.xcconfig */,
			);
			name = Pods;
			path = Pods;
			sourceTree = "<group>";
		};
		5092EC10F4D31658ACC56C8C /* Products */ = {
			isa = PBXGroup;
			children = (
				F230208A834CC26BC2416452 /* Zedra.app */,
				F331068037097AEDDA54DF15 /* ZedraTaskWidget.appex */,
			);
			name = Products;
			sourceTree = "<group>";
		};
		5A29D543BABC526F61A34022 /* Shared */ = {
			isa = PBXGroup;
			children = (
				C49D42574FFC5F1D81BCB72D /* ZedraTaskActivity.swift */,
			);
			path = Shared;
			sourceTree = "<group>";
		};
		6B060AD2884C366D55DD4010 = {
			isa = PBXGroup;
			children = (
				5A29D543BABC526F61A34022 /* Shared */,
				ABEFD155B72AC3F3F222A37B /* Zedra */,
				95B4EB985CD10CFD3676D2FD /* ZedraTaskWidget */,
				88F08496A69E4168EB2884D0 /* Frameworks */,
				5092EC10F4D31658ACC56C8C /* Products */,
				0815A8B79A1F90B9F024169E /* Pods */,
			);
			sourceTree = "<group>";
		};
		88F08496A69E4168EB2884D0 /* Frameworks */ = {
			isa = PBXGroup;
			children = (
				00F1E4C60CC0F76F94D6404A /* AVFoundation.framework */,
				63C6681ECC3A80F94D9F1A0A /* CoreFoundation.framework */,
				512091F828A8B43816DA9723 /* CoreGraphics.framework */,
				33FBCE1A928EAF32E817D1DE /* CoreText.framework */,
				A6B03B40299B5BEA1C29D4F5 /* Metal.framework */,
				E2710A21022C473FA88BF88A /* MetalKit.framework */,
				47A99A911DFEB67B22FF841B /* Network.framework */,
				520C816D34F6ED9A97DA79BB /* QuartzCore.framework */,
				EA19906F43E7BEC9CAB21161 /* Security.framework */,
				039E80981F6E73204F578509 /* SwiftUI.framework */,
				E0368E716FAFC7DC17C3B7B1 /* UIKit.framework */,
				3E9F18339F5AECC291EFB877 /* WidgetKit.framework */,
				B9A9EA625E2ED4114945F081 /* ZedraFFI.xcframework */,
				E4436B88C2D59192089685D6 /* Pods_Zedra.framework */,
			);
			name = Frameworks;
			sourceTree = "<group>";
		};
		95B4EB985CD10CFD3676D2FD /* ZedraTaskWidget */ = {
			isa = PBXGroup;
			children = (
				90F44C66EC495EE5A6DC0994 /* Assets.xcassets */,
				4738330EA54AA88057CFF9D6 /* Info.plist */,
				5451E2C486BD774CF2935DB9 /* ZedraTaskLiveActivity.swift */,
				D08D5130C6BACFAF843287EB /* ZedraTaskWidgetBundle.swift */,
			);
			path = ZedraTaskWidget;
			sourceTree = "<group>";
		};
		ABEFD155B72AC3F3F222A37B /* Zedra */ = {
			isa = PBXGroup;
			children = (
				CBA9E86324F7D522B45D5BF8 /* Assets.xcassets */,
				F28C0D512B8A4480EEA06229 /* Deeplink.swift */,
				727BC6F2E063B67B2EE2F133 /* DeltaBridge.swift */,
				C1CC23275A2211DE5D4991B1 /* GPUIRuntimeController.swift */,
				27C8DE46426696995977B8AC /* ImagePicker.swift */,
				F48626960A7B8482AA6C9676 /* Info.plist */,
				69F922850E131108EA0DCDA2 /* KeyboardSupporter.swift */,
				3E11226FD3ABACC60F196777 /* LiveActivityController.swift */,
				94CC8ED9DAA6944067FF57DB /* main.m */,
				410390D2A6FA601A8CF3BEF6 /* NativeBridge.swift */,
				73FE1C11057A15B082B91094 /* notification.mp3 */,
				20266BDD5D19B38FDD836CDF /* Presentations.swift */,
				EE8767E0086F59AE8FF638F2 /* ProgressHUD.swift */,
				33564399AE529EE2F9F8533A /* QRScanner.swift */,
				FFE53F3BD5E50E1D1587D19D /* Zedra.entitlements */,
				8853DDC4052807AEC78FEEF3 /* ZedraAppDelegate.swift */,
			);
			path = Zedra;
			sourceTree = "<group>";
		};
/* End PBXGroup section */

/* Begin PBXNativeTarget section */
		579A69F54A3B675388A33DF2 /* ZedraTaskWidget */ = {
			isa = PBXNativeTarget;
			buildConfigurationList = C5566BEC49012B4196DC6635 /* Build configuration list for PBXNativeTarget "ZedraTaskWidget" */;
			buildPhases = (
				C6663812F384BF4B8138C138 /* Sources */,
				9F742C9F8D423F42CB9DA04C /* Resources */,
				6E0620C3BCC9BCD81A1FBDFF /* Frameworks */,
			);
			buildRules = (
			);
			dependencies = (
			);
			name = ZedraTaskWidget;
			productName = ZedraTaskWidget;
			productReference = F331068037097AEDDA54DF15 /* ZedraTaskWidget.appex */;
			productType = "com.apple.product-type.app-extension";
		};
		5E993DE1E9EDBDD1507216D8 /* Zedra */ = {
			isa = PBXNativeTarget;
			buildConfigurationList = 369835735FEF0BAB43052DA0 /* Build configuration list for PBXNativeTarget "Zedra" */;
			buildPhases = (
				2F33B3A9CC3FCFB977BF0EEB /* [CP] Check Pods Manifest.lock */,
				F0A6A824E3CB17F570124740 /* Generate Icon Assets */,
				909545E704A1285F03F00F56 /* Sources */,
				3D0993EE512488A75299992B /* Resources */,
				B904AB45BFDAA98506246086 /* Frameworks */,
				070FA6D30D3F197BB857D00E /* Embed Foundation Extensions */,
				8CA192F395F9B0CD6745F5AB /* Firebase Config */,
				D20112C4D05FD7D8531C1012 /* Google OAuth URL Scheme */,
				9B92177DC22DAAB553CD16E4 /* Firebase Crashlytics dSYM Upload */,
				BAE2B97321DBE4F26E73D2A3 /* [CP] Copy Pods Resources */,
			);
			buildRules = (
			);
			dependencies = (
				37946E744CD2712955EF40C9 /* PBXTargetDependency */,
				0A5B3610398B68454840B5D4 /* PBXTargetDependency */,
			);
			name = Zedra;
			productName = Zedra;
			productReference = F230208A834CC26BC2416452 /* Zedra.app */;
			productType = "com.apple.product-type.application";
		};
/* End PBXNativeTarget section */

/* Begin PBXProject section */
		0D87B1C1BBAC156C59022E7E /* Project object */ = {
			isa = PBXProject;
			attributes = {
				BuildIndependentTargetsInParallel = YES;
				LastUpgradeCheck = 2640;
				TargetAttributes = {
					579A69F54A3B675388A33DF2 = {
						DevelopmentTeam = GHV27CNR5U;
						ProvisioningStyle = Automatic;
					};
					5E993DE1E9EDBDD1507216D8 = {
						DevelopmentTeam = GHV27CNR5U;
						ProvisioningStyle = Automatic;
					};
				};
			};
			buildConfigurationList = DCB0E0D17F60189F1874D619 /* Build configuration list for PBXProject "Zedra" */;
			compatibilityVersion = "Xcode 15.3";
			developmentRegion = en;
			hasScannedForEncodings = 0;
			knownRegions = (
				Base,
				en,
			);
			mainGroup = 6B060AD2884C366D55DD4010;
			minimizedProjectReferenceProxies = 1;
			productRefGroup = 5092EC10F4D31658ACC56C8C /* Products */;
			projectDirPath = "";
			projectRoot = "";
			targets = (
				5E993DE1E9EDBDD1507216D8 /* Zedra */,
				D60EB41E0D28CBBFBD9F12EE /* ZedraRustFFI */,
				579A69F54A3B675388A33DF2 /* ZedraTaskWidget */,
			);
		};
/* End PBXProject section */

/* Begin PBXResourcesBuildPhase section */
		3D0993EE512488A75299992B /* Resources */ = {
			isa = PBXResourcesBuildPhase;
			buildActionMask = 2147483647;
			files = (
				8D2C90EFA428CCCDE0B092E7 /* Assets.xcassets in Resources */,
				A57603C7821A1DC91314C998 /* notification.mp3 in Resources */,
			);
			runOnlyForDeploymentPostprocessing = 0;
		};
		9F742C9F8D423F42CB9DA04C /* Resources */ = {
			isa = PBXResourcesBuildPhase;
			buildActionMask = 2147483647;
			files = (
				55837536987D777B27BB44F7 /* Assets.xcassets in Resources */,
			);
			runOnlyForDeploymentPostprocessing = 0;
		};
/* End PBXResourcesBuildPhase section */

/* Begin PBXShellScriptBuildPhase section */
		2F33B3A9CC3FCFB977BF0EEB /* [CP] Check Pods Manifest.lock */ = {
			isa = PBXShellScriptBuildPhase;
			buildActionMask = 2147483647;
			files = (
			);
			inputFileListPaths = (
			);
			inputPaths = (
				"${PODS_PODFILE_DIR_PATH}/Podfile.lock",
				"${PODS_ROOT}/Manifest.lock",
			);
			name = "[CP] Check Pods Manifest.lock";
			outputFileListPaths = (
			);
			outputPaths = (
				"$(DERIVED_FILE_DIR)/Pods-Zedra-checkManifestLockResult.txt",
			);
			runOnlyForDeploymentPostprocessing = 0;
			shellPath = /bin/sh;
			shellScript = "diff \"${PODS_PODFILE_DIR_PATH}/Podfile.lock\" \"${PODS_ROOT}/Manifest.lock\" > /dev/null\nif [ $? != 0 ] ; then\n    # print error to STDERR\n    echo \"error: The sandbox is not in sync with the Podfile.lock. Run 'pod install' or update your CocoaPods installation.\" >&2\n    exit 1\nfi\n# This output is used by Xcode 'outputs' to avoid re-running this script phase.\necho \"SUCCESS\" > \"${SCRIPT_OUTPUT_FILE_0}\"\n";
			showEnvVarsInLog = 0;
		};
		54731EE24A550067F892FA76 /* Build Rust FFI */ = {
			isa = PBXShellScriptBuildPhase;
			alwaysOutOfDate = 1;
			buildActionMask = 2147483647;
			files = (
			);
			inputFileListPaths = (
			);
			inputPaths = (
			);
			name = "Build Rust FFI";
			outputFileListPaths = (
			);
			outputPaths = (
				"$(SRCROOT)/ZedraFFI.xcframework",
				"$(SRCROOT)/ZedraFFI.xcframework/Info.plist",
			);
			runOnlyForDeploymentPostprocessing = 0;
			shellPath = /bin/sh;
			shellScript = "\"${SRCROOT}/../scripts/xcode-build-rust.sh\"\n";
		};
		8CA192F395F9B0CD6745F5AB /* Firebase Config */ = {
			isa = PBXShellScriptBuildPhase;
			alwaysOutOfDate = 1;
			buildActionMask = 2147483647;
			files = (
			);
			inputFileListPaths = (
			);
			inputPaths = (
			);
			name = "Firebase Config";
			outputFileListPaths = (
			);
			outputPaths = (
			);
			runOnlyForDeploymentPostprocessing = 0;
			shellPath = /bin/sh;
			shellScript = "set -eu\n\nGOOGLE_SERVICE_PLIST=\"${SRCROOT}/Zedra/GoogleService-Info.plist\"\nAPP_BUNDLE=\"${BUILT_PRODUCTS_DIR}/${WRAPPER_NAME:-${PRODUCT_NAME}.app}\"\nDESTINATION=\"${APP_BUNDLE}/GoogleService-Info.plist\"\n\nif [ -f \"$GOOGLE_SERVICE_PLIST\" ]; then\n  mkdir -p \"$APP_BUNDLE\"\n  cp \"$GOOGLE_SERVICE_PLIST\" \"$DESTINATION\"\n  exit 0\nfi\n\ncase \"${CONFIGURATION:-}\" in\n  Release*)\n    echo \"error: Missing $GOOGLE_SERVICE_PLIST. Release builds require Firebase configuration.\"\n    exit 1\n    ;;\n  *)\n    echo \"warning: Missing $GOOGLE_SERVICE_PLIST. Firebase is disabled for this debug build.\"\n    ;;\nesac\n";
		};
		9B92177DC22DAAB553CD16E4 /* Firebase Crashlytics dSYM Upload */ = {
			isa = PBXShellScriptBuildPhase;
			alwaysOutOfDate = 1;
			buildActionMask = 2147483647;
			files = (
			);
			inputFileListPaths = (
			);
			inputPaths = (
				"${DWARF_DSYM_FOLDER_PATH}/${DWARF_DSYM_FILE_NAME}",
				"$(SRCROOT)/$(BUILT_PRODUCTS_DIR)/$(INFOPLIST_PATH)",
			);
			name = "Firebase Crashlytics dSYM Upload";
			outputFileListPaths = (
			);
			outputPaths = (
			);
			runOnlyForDeploymentPostprocessing = 0;
			shellPath = /bin/sh;
			shellScript = "set -eu\n\nGOOGLE_SERVICE_PLIST=\"${SRCROOT}/Zedra/GoogleService-Info.plist\"\n\nif [ ! -f \"$GOOGLE_SERVICE_PLIST\" ]; then\n  case \"${CONFIGURATION:-}\" in\n    Release*)\n      echo \"error: Missing $GOOGLE_SERVICE_PLIST. Release builds require Firebase configuration.\"\n      exit 1\n      ;;\n    *)\n      echo \"warning: Skipping Firebase Crashlytics dSYM upload because $GOOGLE_SERVICE_PLIST is missing.\"\n      exit 0\n      ;;\n  esac\nfi\n\n\"${PODS_ROOT}/FirebaseCrashlytics/run\"\n";
		};
		BAE2B97321DBE4F26E73D2A3 /* [CP] Copy Pods Resources */ = {
			isa = PBXShellScriptBuildPhase;
			buildActionMask = 2147483647;
			files = (
			);
			inputFileListPaths = (
				"${PODS_ROOT}/Target Support Files/Pods-Zedra/Pods-Zedra-resources-${CONFIGURATION}-input-files.xcfilelist",
			);
			name = "[CP] Copy Pods Resources";
			outputFileListPaths = (
				"${PODS_ROOT}/Target Support Files/Pods-Zedra/Pods-Zedra-resources-${CONFIGURATION}-output-files.xcfilelist",
			);
			runOnlyForDeploymentPostprocessing = 0;
			shellPath = /bin/sh;
			shellScript = "\"${PODS_ROOT}/Target Support Files/Pods-Zedra/Pods-Zedra-resources.sh\"\n";
			showEnvVarsInLog = 0;
		};
		D20112C4D05FD7D8531C1012 /* Google OAuth URL Scheme */ = {
			isa = PBXShellScriptBuildPhase;
			alwaysOutOfDate = 1;
			buildActionMask = 2147483647;
			files = (
			);
			inputFileListPaths = (
			);
			inputPaths = (
				"$(TARGET_BUILD_DIR)/$(INFOPLIST_PATH)",
				"$(SRCROOT)/Zedra/GoogleService-Info.plist",
			);
			name = "Google OAuth URL Scheme";
			outputFileListPaths = (
			);
			outputPaths = (
			);
			runOnlyForDeploymentPostprocessing = 0;
			shellPath = /bin/sh;
			shellScript = "set -eu\n\nGOOGLE_SERVICE_PLIST=\"${SRCROOT}/Zedra/GoogleService-Info.plist\"\nAPP_INFO_PLIST=\"${TARGET_BUILD_DIR}/${INFOPLIST_PATH}\"\n\nif [ ! -f \"$GOOGLE_SERVICE_PLIST\" ]; then\n  echo \"warning: Missing $GOOGLE_SERVICE_PLIST. Delta Google sign-in is disabled for this build.\"\n  exit 0\nfi\n\nREVERSED_CLIENT_ID=\"$(/usr/libexec/PlistBuddy -c 'Print :REVERSED_CLIENT_ID' \"$GOOGLE_SERVICE_PLIST\" 2>/dev/null || true)\"\nif [ -z \"$REVERSED_CLIENT_ID\" ]; then\n  echo \"error: Missing REVERSED_CLIENT_ID in $GOOGLE_SERVICE_PLIST.\"\n  exit 1\nfi\n\n/usr/libexec/PlistBuddy -c \"Delete :CFBundleURLTypes\" \"$APP_INFO_PLIST\" 2>/dev/null || true\n/usr/libexec/PlistBuddy -c \"Add :CFBundleURLTypes array\" \"$APP_INFO_PLIST\"\n/usr/libexec/PlistBuddy -c \"Add :CFBundleURLTypes:0 dict\" \"$APP_INFO_PLIST\"\n/usr/libexec/PlistBuddy -c \"Add :CFBundleURLTypes:0:CFBundleURLName string dev.zedra.app\" \"$APP_INFO_PLIST\"\n/usr/libexec/PlistBuddy -c \"Add :CFBundleURLTypes:0:CFBundleURLSchemes array\" \"$APP_INFO_PLIST\"\n/usr/libexec/PlistBuddy -c \"Add :CFBundleURLTypes:0:CFBundleURLSchemes:0 string zedra\" \"$APP_INFO_PLIST\"\n/usr/libexec/PlistBuddy -c \"Add :CFBundleURLTypes:1 dict\" \"$APP_INFO_PLIST\"\n/usr/libexec/PlistBuddy -c \"Add :CFBundleURLTypes:1:CFBundleURLName string google\" \"$APP_INFO_PLIST\"\n/usr/libexec/PlistBuddy -c \"Add :CFBundleURLTypes:1:CFBundleURLSchemes array\" \"$APP_INFO_PLIST\"\n/usr/libexec/PlistBuddy -c \"Add :CFBundleURLTypes:1:CFBundleURLSchemes:0 string $REVERSED_CLIENT_ID\" \"$APP_INFO_PLIST\"\n";
		};
		F0A6A824E3CB17F570124740 /* Generate Icon Assets */ = {
			isa = PBXShellScriptBuildPhase;
			alwaysOutOfDate = 1;
			buildActionMask = 2147483647;
			files = (
			);
			inputFileListPaths = (
			);
			inputPaths = (
			);
			name = "Generate Icon Assets";
			outputFileListPaths = (
			);
			outputPaths = (
			);
			runOnlyForDeploymentPostprocessing = 0;
			shellPath = /bin/sh;
			shellScript = "set -eu\ncd \"${SRCROOT}/..\"\nbash scripts/generate-assets.sh\n";
		};
/* End PBXShellScriptBuildPhase section */

/* Begin PBXSourcesBuildPhase section */
		909545E704A1285F03F00F56 /* Sources */ = {
			isa = PBXSourcesBuildPhase;
			buildActionMask = 2147483647;
			files = (
				06B0528DA79A66232AF4B929 /* Deeplink.swift in Sources */,
				77DF0B2DF918B5DDF941E3E0 /* DeltaBridge.swift in Sources */,
				2B5A25991606E9A04567BB82 /* GPUIRuntimeController.swift in Sources */,
				A93C45BD95DD8BFFCA6D484F /* ImagePicker.swift in Sources */,
				29812E9727315BE0E4E6D8C3 /* KeyboardSupporter.swift in Sources */,
				EC30FF24B333FE003BF3DF11 /* LiveActivityController.swift in Sources */,
				DE61BBA6802FC9CA90AEED44 /* NativeBridge.swift in Sources */,
				EB5F8FD753CF6EE923250A35 /* Presentations.swift in Sources */,
				FC6FCD51B93FFAAED6A6E2A5 /* ProgressHUD.swift in Sources */,
				EE620B5C08E5ED431EFF64EA /* QRScanner.swift in Sources */,
				5F4B398F082F44CC7068D40A /* ZedraAppDelegate.swift in Sources */,
				EEE2D2E198F3898DCA37C0C1 /* ZedraTaskActivity.swift in Sources */,
				C6719995D3E0E4499805BFA7 /* main.m in Sources */,
			);
			runOnlyForDeploymentPostprocessing = 0;
		};
		C6663812F384BF4B8138C138 /* Sources */ = {
			isa = PBXSourcesBuildPhase;
			buildActionMask = 2147483647;
			files = (
				B22BD4D25B9414ECD498820B /* ZedraTaskActivity.swift in Sources */,
				B2F78DE2E20EB0982DD3DDEF /* ZedraTaskLiveActivity.swift in Sources */,
				53761D1BADAAD2936D25D5FB /* ZedraTaskWidgetBundle.swift in Sources */,
			);
			runOnlyForDeploymentPostprocessing = 0;
		};
/* End PBXSourcesBuildPhase section */

/* Begin PBXTargetDependency section */
		0A5B3610398B68454840B5D4 /* PBXTargetDependency */ = {
			isa = PBXTargetDependency;
			target = D60EB41E0D28CBBFBD9F12EE /* ZedraRustFFI */;
			targetProxy = D197FF633B97809DD0BC34BB /* PBXContainerItemProxy */;
		};
		37946E744CD2712955EF40C9 /* PBXTargetDependency */ = {
			isa = PBXTargetDependency;
			target = 579A69F54A3B675388A33DF2 /* ZedraTaskWidget */;
			targetProxy = B54F7230D91DD56CF95FB2B6 /* PBXContainerItemProxy */;
		};
/* End PBXTargetDependency section */

/* Begin XCBuildConfiguration section */
		080ACE8EA872B8F9A4BFAE31 /* Debug */ = {
			isa = XCBuildConfiguration;
			buildSettings = {
				CODE_SIGN_STYLE = Automatic;
				DEVELOPMENT_TEAM = GHV27CNR5U;
				INFOPLIST_FILE = ZedraTaskWidget/Info.plist;
				IPHONEOS_DEPLOYMENT_TARGET = 17.0;
				LD_RUNPATH_SEARCH_PATHS = (
					"$(inherited)",
					"@executable_path/Frameworks",
					"@executable_path/../../Frameworks",
				);
				PRODUCT_BUNDLE_IDENTIFIER = dev.zedra.app.debug.ZedraTaskWidget;
				SDKROOT = iphoneos;
				SKIP_INSTALL = YES;
				SWIFT_VERSION = 5.0;
				TARGETED_DEVICE_FAMILY = "1,2";
			};
			name = Debug;
		};
		0F3F0E3FBA739069C86B22B2 /* Debug */ = {
			isa = XCBuildConfiguration;
			buildSettings = {
				ALWAYS_SEARCH_USER_PATHS = NO;
				CLANG_ANALYZER_NONNULL = YES;
				CLANG_ANALYZER_NUMBER_OBJECT_CONVERSION = YES_AGGRESSIVE;
				CLANG_CXX_LANGUAGE_STANDARD = "gnu++14";
				CLANG_CXX_LIBRARY = "libc++";
				CLANG_ENABLE_MODULES = YES;
				CLANG_ENABLE_OBJC_ARC = YES;
				CLANG_ENABLE_OBJC_WEAK = YES;
				CLANG_WARN_BLOCK_CAPTURE_AUTORELEASING = YES;
				CLANG_WARN_BOOL_CONVERSION = YES;
				CLANG_WARN_COMMA = YES;
				CLANG_WARN_CONSTANT_CONVERSION = YES;
				CLANG_WARN_DEPRECATED_OBJC_IMPLEMENTATIONS = YES;
				CLANG_WARN_DIRECT_OBJC_ISA_USAGE = YES_ERROR;
				CLANG_WARN_DOCUMENTATION_COMMENTS = YES;
				CLANG_WARN_EMPTY_BODY = YES;
				CLANG_WARN_ENUM_CONVERSION = YES;
				CLANG_WARN_INFINITE_RECURSION = YES;
				CLANG_WARN_INT_CONVERSION = YES;
				CLANG_WARN_NON_LITERAL_NULL_CONVERSION = YES;
				CLANG_WARN_OBJC_IMPLICIT_RETAIN_SELF = YES;
				CLANG_WARN_OBJC_LITERAL_CONVERSION = YES;
				CLANG_WARN_OBJC_ROOT_CLASS = YES_ERROR;
				CLANG_WARN_QUOTED_INCLUDE_IN_FRAMEWORK_HEADER = YES;
				CLANG_WARN_RANGE_LOOP_ANALYSIS = YES;
				CLANG_WARN_STRICT_PROTOTYPES = YES;
				CLANG_WARN_SUSPICIOUS_MOVE = YES;
				CLANG_WARN_UNGUARDED_AVAILABILITY = YES_AGGRESSIVE;
				CLANG_WARN_UNREACHABLE_CODE = YES;
				CLANG_WARN__DUPLICATE_METHOD_MATCH = YES;
				COPY_PHASE_STRIP = NO;
				DEBUG_INFORMATION_FORMAT = dwarf;
				ENABLE_STRICT_OBJC_MSGSEND = YES;
				ENABLE_TESTABILITY = YES;
				ENABLE_USER_SCRIPT_SANDBOXING = NO;
				GCC_C_LANGUAGE_STANDARD = gnu11;
				GCC_DYNAMIC_NO_PIC = NO;
				GCC_NO_COMMON_BLOCKS = YES;
				GCC_OPTIMIZATION_LEVEL = 0;
				GCC_PREPROCESSOR_DEFINITIONS = (
					"$(inherited)",
					"DEBUG=1",
				);
				GCC_WARN_64_TO_32_BIT_CONVERSION = YES;
				GCC_WARN_ABOUT_RETURN_TYPE = YES_ERROR;
				GCC_WARN_UNDECLARED_SELECTOR = YES;
				GCC_WARN_UNINITIALIZED_AUTOS = YES_AGGRESSIVE;
				GCC_WARN_UNUSED_FUNCTION = YES;
				GCC_WARN_UNUSED_VARIABLE = YES;
				IPHONEOS_DEPLOYMENT_TARGET = 17.0;
				MTL_ENABLE_DEBUG_INFO = INCLUDE_SOURCE;
				MTL_FAST_MATH = YES;
				ONLY_ACTIVE_ARCH = YES;
				PRODUCT_NAME = "$(TARGET_NAME)";
				SDKROOT = iphoneos;
				STRING_CATALOG_GENERATE_SYMBOLS = YES;
				SWIFT_ACTIVE_COMPILATION_CONDITIONS = DEBUG;
				SWIFT_OPTIMIZATION_LEVEL = "-Onone";
				SWIFT_VERSION = 5.0;
			};
			name = Debug;
		};
		50B88CA82039DB4A2A14E6F3 /* Debug */ = {
			isa = XCBuildConfiguration;
			baseConfigurationReference = 9137E1919544EF49D8663D28 /* Pods-Zedra.debug.xcconfig */;
			buildSettings = {
				APS_ENVIRONMENT = development;
				ASSETCATALOG_COMPILER_APPICON_NAME = AppIcon;
				CLANG_ENABLE_OBJC_ARC = YES;
				CODE_SIGN_ENTITLEMENTS = Zedra/Zedra.entitlements;
				CODE_SIGN_IDENTITY = "iPhone Developer";
				CODE_SIGN_STYLE = Automatic;
				COPY_PHASE_STRIP = NO;
				CURRENT_PROJECT_VERSION = 12;
				DEAD_CODE_STRIPPING = YES;
				DEBUG_INFORMATION_FORMAT = dwarf;
				DEVELOPMENT_TEAM = GHV27CNR5U;
				ENABLE_TESTABILITY = YES;
				FRAMEWORK_SEARCH_PATHS = (
					"$(inherited)",
					"\".\"",
				);
				GCC_OPTIMIZATION_LEVEL = 0;
				GENERATE_INFOPLIST_FILE = YES;
				INFOPLIST_FILE = Zedra/Info.plist;
				INFOPLIST_KEY_CFBundleDisplayName = "Zedra Dev";
				INFOPLIST_KEY_LSApplicationCategoryType = "public.app-category.developer-tools";
				INFOPLIST_KEY_NSCameraUsageDescription = "Zedra needs camera access to scan QR codes for pairing";
				INFOPLIST_KEY_UILaunchScreen_Generation = YES;
				INFOPLIST_KEY_UISupportedInterfaceOrientations = UIInterfaceOrientationPortrait;
				INFOPLIST_KEY_UISupportedInterfaceOrientations_iPad = "UIInterfaceOrientationPortrait UIInterfaceOrientationPortraitUpsideDown UIInterfaceOrientationLandscapeLeft UIInterfaceOrientationLandscapeRight";
				LD_RUNPATH_SEARCH_PATHS = (
					"$(inherited)",
					"@executable_path/Frameworks",
				);
				MARKETING_VERSION = 1.4;
				MTL_ENABLE_DEBUG_INFO = INCLUDE_SOURCE;
				ONLY_ACTIVE_ARCH = YES;
				OTHER_LDFLAGS = (
					"$(inherited)",
					"-ObjC",
					"-all_load",
				);
				PRODUCT_BUNDLE_IDENTIFIER = dev.zedra.app.debug;
				SDKROOT = iphoneos;
				SWIFT_ACTIVE_COMPILATION_CONDITIONS = DEBUG;
				SWIFT_OPTIMIZATION_LEVEL = "-Onone";
				TARGETED_DEVICE_FAMILY = "1,2";
			};
			name = Debug;
		};
		517EF2B7F22F02FF5CE0D7A9 /* Release */ = {
			isa = XCBuildConfiguration;
			baseConfigurationReference = A8A6D4E5D07DDB7A26B070E1 /* Pods-Zedra.release.xcconfig */;
			buildSettings = {
				APS_ENVIRONMENT = production;
				ASSETCATALOG_COMPILER_APPICON_NAME = AppIcon;
				CLANG_ENABLE_OBJC_ARC = YES;
				CODE_SIGN_ENTITLEMENTS = Zedra/Zedra.entitlements;
				CODE_SIGN_IDENTITY = "iPhone Developer";
				CODE_SIGN_STYLE = Automatic;
				COPY_PHASE_STRIP = YES;
				CURRENT_PROJECT_VERSION = 12;
				DEAD_CODE_STRIPPING = YES;
				DEBUG_INFORMATION_FORMAT = "dwarf-with-dsym";
				DEPLOYMENT_POSTPROCESSING = YES;
				DEVELOPMENT_TEAM = GHV27CNR5U;
				ENABLE_DEBUG_DYLIB = NO;
				ENABLE_NS_ASSERTIONS = NO;
				ENABLE_TESTABILITY = NO;
				FRAMEWORK_SEARCH_PATHS = (
					"$(inherited)",
					"\".\"",
				);
				GCC_OPTIMIZATION_LEVEL = s;
				GENERATE_INFOPLIST_FILE = YES;
				INFOPLIST_FILE = Zedra/Info.plist;
				INFOPLIST_KEY_CFBundleDisplayName = Zedra;
				INFOPLIST_KEY_LSApplicationCategoryType = "public.app-category.developer-tools";
				INFOPLIST_KEY_NSCameraUsageDescription = "Zedra needs camera access to scan QR codes for pairing";
				INFOPLIST_KEY_UILaunchScreen_Generation = YES;
				INFOPLIST_KEY_UISupportedInterfaceOrientations = UIInterfaceOrientationPortrait;
				INFOPLIST_KEY_UISupportedInterfaceOrientations_iPad = "UIInterfaceOrientationPortrait UIInterfaceOrientationPortraitUpsideDown UIInterfaceOrientationLandscapeLeft UIInterfaceOrientationLandscapeRight";
				LD_RUNPATH_SEARCH_PATHS = (
					"$(inherited)",
					"@executable_path/Frameworks",
				);
				MARKETING_VERSION = 1.4;
				MTL_ENABLE_DEBUG_INFO = NO;
				OTHER_LDFLAGS = (
					"$(inherited)",
					"-ObjC",
					"-all_load",
				);
				PRODUCT_BUNDLE_IDENTIFIER = dev.zedra.app;
				SDKROOT = iphoneos;
				SWIFT_COMPILATION_MODE = wholemodule;
				SWIFT_OPTIMIZATION_LEVEL = "-O";
				TARGETED_DEVICE_FAMILY = "1,2";
				VALIDATE_PRODUCT = YES;
			};
			name = Release;
		};
		84EA9D8245954438EF38C087 /* Release */ = {
			isa = XCBuildConfiguration;
			buildSettings = {
				CODE_SIGN_STYLE = Automatic;
				DEVELOPMENT_TEAM = GHV27CNR5U;
				INFOPLIST_FILE = ZedraTaskWidget/Info.plist;
				IPHONEOS_DEPLOYMENT_TARGET = 17.0;
				LD_RUNPATH_SEARCH_PATHS = (
					"$(inherited)",
					"@executable_path/Frameworks",
					"@executable_path/../../Frameworks",
				);
				PRODUCT_BUNDLE_IDENTIFIER = dev.zedra.app.ZedraTaskWidget;
				SDKROOT = iphoneos;
				SKIP_INSTALL = YES;
				SWIFT_VERSION = 5.0;
				TARGETED_DEVICE_FAMILY = "1,2";
			};
			name = Release;
		};
		B46ACB136066B821DDB90C4B /* Release */ = {
			isa = XCBuildConfiguration;
			buildSettings = {
				ALWAYS_SEARCH_USER_PATHS = NO;
				CLANG_ANALYZER_NONNULL = YES;
				CLANG_ANALYZER_NUMBER_OBJECT_CONVERSION = YES_AGGRESSIVE;
				CLANG_CXX_LANGUAGE_STANDARD = "gnu++14";
				CLANG_CXX_LIBRARY = "libc++";
				CLANG_ENABLE_MODULES = YES;
				CLANG_ENABLE_OBJC_ARC = YES;
				CLANG_ENABLE_OBJC_WEAK = YES;
				CLANG_WARN_BLOCK_CAPTURE_AUTORELEASING = YES;
				CLANG_WARN_BOOL_CONVERSION = YES;
				CLANG_WARN_COMMA = YES;
				CLANG_WARN_CONSTANT_CONVERSION = YES;
				CLANG_WARN_DEPRECATED_OBJC_IMPLEMENTATIONS = YES;
				CLANG_WARN_DIRECT_OBJC_ISA_USAGE = YES_ERROR;
				CLANG_WARN_DOCUMENTATION_COMMENTS = YES;
				CLANG_WARN_EMPTY_BODY = YES;
				CLANG_WARN_ENUM_CONVERSION = YES;
				CLANG_WARN_INFINITE_RECURSION = YES;
				CLANG_WARN_INT_CONVERSION = YES;
				CLANG_WARN_NON_LITERAL_NULL_CONVERSION = YES;
				CLANG_WARN_OBJC_IMPLICIT_RETAIN_SELF = YES;
				CLANG_WARN_OBJC_LITERAL_CONVERSION = YES;
				CLANG_WARN_OBJC_ROOT_CLASS = YES_ERROR;
				CLANG_WARN_QUOTED_INCLUDE_IN_FRAMEWORK_HEADER = YES;
				CLANG_WARN_RANGE_LOOP_ANALYSIS = YES;
				CLANG_WARN_STRICT_PROTOTYPES = YES;
				CLANG_WARN_SUSPICIOUS_MOVE = YES;
				CLANG_WARN_UNGUARDED_AVAILABILITY = YES_AGGRESSIVE;
				CLANG_WARN_UNREACHABLE_CODE = YES;
				CLANG_WARN__DUPLICATE_METHOD_MATCH = YES;
				COPY_PHASE_STRIP = NO;
				DEBUG_INFORMATION_FORMAT = "dwarf-with-dsym";
				ENABLE_NS_ASSERTIONS = NO;
				ENABLE_STRICT_OBJC_MSGSEND = YES;
				ENABLE_USER_SCRIPT_SANDBOXING = NO;
				GCC_C_LANGUAGE_STANDARD = gnu11;
				GCC_NO_COMMON_BLOCKS = YES;
				GCC_WARN_64_TO_32_BIT_CONVERSION = YES;
				GCC_WARN_ABOUT_RETURN_TYPE = YES_ERROR;
				GCC_WARN_UNDECLARED_SELECTOR = YES;
				GCC_WARN_UNINITIALIZED_AUTOS = YES_AGGRESSIVE;
				GCC_WARN_UNUSED_FUNCTION = YES;
				GCC_WARN_UNUSED_VARIABLE = YES;
				IPHONEOS_DEPLOYMENT_TARGET = 17.0;
				MTL_ENABLE_DEBUG_INFO = NO;
				MTL_FAST_MATH = YES;
				PRODUCT_NAME = "$(TARGET_NAME)";
				SDKROOT = iphoneos;
				STRING_CATALOG_GENERATE_SYMBOLS = YES;
				SWIFT_COMPILATION_MODE = wholemodule;
				SWIFT_OPTIMIZATION_LEVEL = "-O";
				SWIFT_VERSION = 5.0;
			};
			name = Release;
		};
		C434C5AB3C551A0F215DCB3D /* Debug */ = {
			isa = XCBuildConfiguration;
			buildSettings = {
			};
			name = Debug;
		};
		FFBD22A73F9D576945D320D2 /* Release */ = {
			isa = XCBuildConfiguration;
			buildSettings = {
			};
			name = Release;
		};
/* End XCBuildConfiguration section */

/* Begin XCConfigurationList section */
		369835735FEF0BAB43052DA0 /* Build configuration list for PBXNativeTarget "Zedra" */ = {
			isa = XCConfigurationList;
			buildConfigurations = (
				50B88CA82039DB4A2A14E6F3 /* Debug */,
				517EF2B7F22F02FF5CE0D7A9 /* Release */,
			);
			defaultConfigurationIsVisible = 0;
			defaultConfigurationName = Debug;
		};
		6D3860FD8908149AD3351AE0 /* Build configuration list for PBXAggregateTarget "ZedraRustFFI" */ = {
			isa = XCConfigurationList;
			buildConfigurations = (
				C434C5AB3C551A0F215DCB3D /* Debug */,
				FFBD22A73F9D576945D320D2 /* Release */,
			);
			defaultConfigurationIsVisible = 0;
			defaultConfigurationName = Debug;
		};
		C5566BEC49012B4196DC6635 /* Build configuration list for PBXNativeTarget "ZedraTaskWidget" */ = {
			isa = XCConfigurationList;
			buildConfigurations = (
				080ACE8EA872B8F9A4BFAE31 /* Debug */,
				84EA9D8245954438EF38C087 /* Release */,
			);
			defaultConfigurationIsVisible = 0;
			defaultConfigurationName = Debug;
		};
		DCB0E0D17F60189F1874D619 /* Build configuration list for PBXProject "Zedra" */ = {
			isa = XCConfigurationList;
			buildConfigurations = (
				0F3F0E3FBA739069C86B22B2 /* Debug */,
				B46ACB136066B821DDB90C4B /* Release */,
			);
			defaultConfigurationIsVisible = 0;
			defaultConfigurationName = Debug;
		};
/* End XCConfigurationList section */
	};
	rootObject = 0D87B1C1BBAC156C59022E7E /* Project object */;
}
