{
  "name": "mcpproxy-bench-tscg-shim",
  "version": "1.0.0",
  "lockfileVersion": 3,
  "requires": true,
  "packages": {
    "": {
      "name": "mcpproxy-bench-tscg-shim",
      "version": "1.0.0",
      "license": "MIT",
      "dependencies": {
        "@tscg/core": "1.4.3"
      }
    },
    "node_modules/@tscg/core": {
      "version": "1.4.3",
      "resolved": "https://registry.npmjs.org/@tscg/core/-/core-1.4.3.tgz",
      "integrity": "sha512-lE2gCZOgrg0umnbsFe8pabX1hoXQvM9bPBhy3BE7gRpL2FTY5kxqh4roslLxMOJzRl4dvez7mzUe21IZcggkLw==",
      "license": "MIT",
      "engines": {
        "node": ">=18.0.0"
      }
    }
  }
}
