2527022 sink 2026-09-20T00:04:58.168749-06:00
2544944 forward 2026-09-20T00:07:41.613355-06:00
2545003 forward 2026-09-20T00:07:42.661557-06:00
2545098 forward 2026-09-20T00:07:44.708481-06:00
2545328 forward 2026-09-20T00:07:48.241353-06:00
2545396 forward 2026-09-20T00:07:48.756383-06:00
2546291 forward 2026-09-20T00:07:56.801538-06:00
2577572 forward 2026-09-20T00:08:08.254960-06:00
2578129 forward 2026-09-20T00:08:12.851407-06:00
2581902 forward 2026-09-20T00:08:44.898729-06:00
2583472 forward 2026-09-20T00:08:58.226462-06:00
2584109 forward 2026-09-20T00:09:12.763021-06:00
2611265 forward 2026-09-20T00:09:49.046796-06:00
2653515 forward 2026-09-20T00:12:07.491420-06:00
